
Microsoft Visual Studio Solution File, Format Version 12.00
# Visual Studio 14
VisualStudioVersion = 14.0.25420.1
MinimumVisualStudioVersion = 10.0.40219.1
Project("{FAE04EC0-301F-11D3-BF4B-00C04F79EFBC}") = "Products.Android", "Products\Products.Android\Products.Android.csproj", "{CC92A639-099E-4449-99E1-989EBAB99C66}"
EndProject
Project("{FAE04EC0-301F-11D3-BF4B-00C04F79EFBC}") = "Products", "Products\Products\Products.csproj", "{008E89A1-6D78-44FF-A430-5560B441606A}"
EndProject
Project("{FAE04EC0-301F-11D3-BF4B-00C04F79EFBC}") = "Products.UWP", "Products\Products.UWP\Products.UWP.csproj", "{AF2423DE-A764-49B1-B2C1-E277B0DEBC66}"
EndProject
Project("{FAE04EC0-301F-11D3-BF4B-00C04F79EFBC}") = "Products.iOS", "Products\Products.iOS\Products.iOS.csproj", "{8B2FDBCB-A5FD-43FD-BE54-613E2C1AFEF2}"
EndProject
Project("{FAE04EC0-301F-11D3-BF4B-00C04F79EFBC}") = "Backend", "Backend\Backend.csproj", "{ECABEE61-BBA4-4847-8BE4-A9DC8CF9B141}"
EndProject
Project("{FAE04EC0-301F-11D3-BF4B-00C04F79EFBC}") = "FronEnd", "FronEnd\FronEnd.csproj", "{6B400FF8-376D-4EF4-B9F7-64C4817402F7}"
EndProject
Project("{FAE04EC0-301F-11D3-BF4B-00C04F79EFBC}") = "API", "API\API.csproj", "{856CB762-19F9-41DD-9B67-8CAB5E56FEB3}"
EndProject
Global
	GlobalSection(SolutionConfigurationPlatforms) = preSolution
		Ad-Hoc|Any CPU = Ad-Hoc|Any CPU
		Ad-Hoc|ARM = Ad-Hoc|ARM
		Ad-Hoc|iPhone = Ad-Hoc|iPhone
		Ad-Hoc|iPhoneSimulator = Ad-Hoc|iPhoneSimulator
		Ad-Hoc|x64 = Ad-Hoc|x64
		Ad-Hoc|x86 = Ad-Hoc|x86
		AppStore|Any CPU = AppStore|Any CPU
		AppStore|ARM = AppStore|ARM
		AppStore|iPhone = AppStore|iPhone
		AppStore|iPhoneSimulator = AppStore|iPhoneSimulator
		AppStore|x64 = AppStore|x64
		AppStore|x86 = AppStore|x86
		Debug|Any CPU = Debug|Any CPU
		Debug|ARM = Debug|ARM
		Debug|iPhone = Debug|iPhone
		Debug|iPhoneSimulator = Debug|iPhoneSimulator
		Debug|x64 = Debug|x64
		Debug|x86 = Debug|x86
		Release|Any CPU = Release|Any CPU
		Release|ARM = Release|ARM
		Release|iPhone = Release|iPhone
		Release|iPhoneSimulator = Release|iPhoneSimulator
		Release|x64 = Release|x64
		Release|x86 = Release|x86
	EndGlobalSection
	GlobalSection(ProjectConfigurationPlatforms) = postSolution
		{CC92A639-099E-4449-99E1-989EBAB99C66}.Ad-Hoc|Any CPU.ActiveCfg = Release|Any CPU
		{CC92A639-099E-4449-99E1-989EBAB99C66}.Ad-Hoc|Any CPU.Build.0 = Release|Any CPU
		{CC92A639-099E-4449-99E1-989EBAB99C66}.Ad-Hoc|Any CPU.Deploy.0 = Release|Any CPU
		{CC92A639-099E-4449-99E1-989EBAB99C66}.Ad-Hoc|ARM.ActiveCfg = Release|Any CPU
		{CC92A639-099E-4449-99E1-989EBAB99C66}.Ad-Hoc|ARM.Build.0 = Release|Any CPU
		{CC92A639-099E-4449-99E1-989EBAB99C66}.Ad-Hoc|ARM.Deploy.0 = Release|Any CPU
		{CC92A639-099E-4449-99E1-989EBAB99C66}.Ad-Hoc|iPhone.ActiveCfg = Release|Any CPU
		{CC92A639-099E-4449-99E1-989EBAB99C66}.Ad-Hoc|iPhone.Build.0 = Release|Any CPU
		{CC92A639-099E-4449-99E1-989EBAB99C66}.Ad-Hoc|iPhone.Deploy.0 = Release|Any CPU
		{CC92A639-099E-4449-99E1-989EBAB99C66}.Ad-Hoc|iPhoneSimulator.ActiveCfg = Release|Any CPU
		{CC92A639-099E-4449-99E1-989EBAB99C66}.Ad-Hoc|iPhoneSimulator.Build.0 = Release|Any CPU
		{CC92A639-099E-4449-99E1-989EBAB99C66}.Ad-Hoc|iPhoneSimulator.Deploy.0 = Release|Any CPU
		{CC92A639-099E-4449-99E1-989EBAB99C66}.Ad-Hoc|x64.ActiveCfg = Release|Any CPU
		{CC92A639-099E-4449-99E1-989EBAB99C66}.Ad-Hoc|x64.Build.0 = Release|Any CPU
		{CC92A639-099E-4449-99E1-989EBAB99C66}.Ad-Hoc|x64.Deploy.0 = Release|Any CPU
		{CC92A639-099E-4449-99E1-989EBAB99C66}.Ad-Hoc|x86.ActiveCfg = Release|Any CPU
		{CC92A639-099E-4449-99E1-989EBAB99C66}.Ad-Hoc|x86.Build.0 = Release|Any CPU
		{CC92A639-099E-4449-99E1-989EBAB99C66}.Ad-Hoc|x86.Deploy.0 = Release|Any CPU
		{CC92A639-099E-4449-99E1-989EBAB99C66}.AppStore|Any CPU.ActiveCfg = Release|Any CPU
		{CC92A639-099E-4449-99E1-989EBAB99C66}.AppStore|Any CPU.Build.0 = Release|Any CPU
		{CC92A639-099E-4449-99E1-989EBAB99C66}.AppStore|Any CPU.Deploy.0 = Release|Any CPU
		{CC92A639-099E-4449-99E1-989EBAB99C66}.AppStore|ARM.ActiveCfg = Release|Any CPU
		{CC92A639-099E-4449-99E1-989EBAB99C66}.AppStore|ARM.Build.0 = Release|Any CPU
		{CC92A639-099E-4449-99E1-989EBAB99C66}.AppStore|ARM.Deploy.0 = Release|Any CPU
		{CC92A639-099E-4449-99E1-989EBAB99C66}.AppStore|iPhone.ActiveCfg = Release|Any CPU
		{CC92A639-099E-4449-99E1-989EBAB99C66}.AppStore|iPhone.Build.0 = Release|Any CPU
		{CC92A639-099E-4449-99E1-989EBAB99C66}.AppStore|iPhone.Deploy.0 = Release|Any CPU
		{CC92A639-099E-4449-99E1-989EBAB99C66}.AppStore|iPhoneSimulator.ActiveCfg = Release|Any CPU
		{CC92A639-099E-4449-99E1-989EBAB99C66}.AppStore|iPhoneSimulator.Build.0 = Release|Any CPU
		{CC92A639-099E-4449-99E1-989EBAB99C66}.AppStore|iPhoneSimulator.Deploy.0 = Release|Any CPU
		{CC92A639-099E-4449-99E1-989EBAB99C66}.AppStore|x64.ActiveCfg = Release|Any CPU
		{CC92A639-099E-4449-99E1-989EBAB99C66}.AppStore|x64.Build.0 = Release|Any CPU
		{CC92A639-099E-4449-99E1-989EBAB99C66}.AppStore|x64.Deploy.0 = Release|Any CPU
		{CC92A639-099E-4449-99E1-989EBAB99C66}.AppStore|x86.ActiveCfg = Release|Any CPU
		{CC92A639-099E-4449-99E1-989EBAB99C66}.AppStore|x86.Build.0 = Release|Any CPU
		{CC92A639-099E-4449-99E1-989EBAB99C66}.AppStore|x86.Deploy.0 = Release|Any CPU
		{CC92A639-099E-4449-99E1-989EBAB99C66}.Debug|Any CPU.ActiveCfg = Debug|Any CPU
		{CC92A639-099E-4449-99E1-989EBAB99C66}.Debug|Any CPU.Build.0 = Debug|Any CPU
		{CC92A639-099E-4449-99E1-989EBAB99C66}.Debug|Any CPU.Deploy.0 = Debug|Any CPU
		{CC92A639-099E-4449-99E1-989EBAB99C66}.Debug|ARM.ActiveCfg = Debug|Any CPU
		{CC92A639-099E-4449-99E1-989EBAB99C66}.Debug|ARM.Build.0 = Debug|Any CPU
		{CC92A639-099E-4449-99E1-989EBAB99C66}.Debug|ARM.Deploy.0 = Debug|Any CPU
		{CC92A639-099E-4449-99E1-989EBAB99C66}.Debug|iPhone.ActiveCfg = Debug|Any CPU
		{CC92A639-099E-4449-99E1-989EBAB99C66}.Debug|iPhone.Build.0 = Debug|Any CPU
		{CC92A639-099E-4449-99E1-989EBAB99C66}.Debug|iPhone.Deploy.0 = Debug|Any CPU
		{CC92A639-099E-4449-99E1-989EBAB99C66}.Debug|iPhoneSimulator.ActiveCfg = Debug|Any CPU
		{CC92A639-099E-4449-99E1-989EBAB99C66}.Debug|iPhoneSimulator.Build.0 = Debug|Any CPU
		{CC92A639-099E-4449-99E1-989EBAB99C66}.Debug|iPhoneSimulator.Deploy.0 = Debug|Any CPU
		{CC92A639-099E-4449-99E1-989EBAB99C66}.Debug|x64.ActiveCfg = Debug|Any CPU
		{CC92A639-099E-4449-99E1-989EBAB99C66}.Debug|x64.Build.0 = Debug|Any CPU
		{CC92A639-099E-4449-99E1-989EBAB99C66}.Debug|x64.Deploy.0 = Debug|Any CPU
		{CC92A639-099E-4449-99E1-989EBAB99C66}.Debug|x86.ActiveCfg = Debug|Any CPU
		{CC92A639-099E-4449-99E1-989EBAB99C66}.Debug|x86.Build.0 = Debug|Any CPU
		{CC92A639-099E-4449-99E1-989EBAB99C66}.Debug|x86.Deploy.0 = Debug|Any CPU
		{CC92A639-099E-4449-99E1-989EBAB99C66}.Release|Any CPU.ActiveCfg = Release|Any CPU
		{CC92A639-099E-4449-99E1-989EBAB99C66}.Release|Any CPU.Build.0 = Release|Any CPU
		{CC92A639-099E-4449-99E1-989EBAB99C66}.Release|Any CPU.Deploy.0 = Release|Any CPU
		{CC92A639-099E-4449-99E1-989EBAB99C66}.Release|ARM.ActiveCfg = Release|Any CPU
		{CC92A639-099E-4449-99E1-989EBAB99C66}.Release|ARM.Build.0 = Release|Any CPU
		{CC92A639-099E-4449-99E1-989EBAB99C66}.Release|ARM.Deploy.0 = Release|Any CPU
		{CC92A639-099E-4449-99E1-989EBAB99C66}.Release|iPhone.ActiveCfg = Release|Any CPU
		{CC92A639-099E-4449-99E1-989EBAB99C66}.Release|iPhone.Build.0 = Release|Any CPU
		{CC92A639-099E-4449-99E1-989EBAB99C66}.Release|iPhone.Deploy.0 = Release|Any CPU
		{CC92A639-099E-4449-99E1-989EBAB99C66}.Release|iPhoneSimulator.ActiveCfg = Release|Any CPU
		{CC92A639-099E-4449-99E1-989EBAB99C66}.Release|iPhoneSimulator.Build.0 = Release|Any CPU
		{CC92A639-099E-4449-99E1-989EBAB99C66}.Release|iPhoneSimulator.Deploy.0 = Release|Any CPU
		{CC92A639-099E-4449-99E1-989EBAB99C66}.Release|x64.ActiveCfg = Release|Any CPU
		{CC92A639-099E-4449-99E1-989EBAB99C66}.Release|x64.Build.0 = Release|Any CPU
		{CC92A639-099E-4449-99E1-989EBAB99C66}.Release|x64.Deploy.0 = Release|Any CPU
		{CC92A639-099E-4449-99E1-989EBAB99C66}.Release|x86.ActiveCfg = Release|Any CPU
		{CC92A639-099E-4449-99E1-989EBAB99C66}.Release|x86.Build.0 = Release|Any CPU
		{CC92A639-099E-4449-99E1-989EBAB99C66}.Release|x86.Deploy.0 = Release|Any CPU
		{008E89A1-6D78-44FF-A430-5560B441606A}.Ad-Hoc|Any CPU.ActiveCfg = Release|Any CPU
		{008E89A1-6D78-44FF-A430-5560B441606A}.Ad-Hoc|Any CPU.Build.0 = Release|Any CPU
		{008E89A1-6D78-44FF-A430-5560B441606A}.Ad-Hoc|ARM.ActiveCfg = Release|Any CPU
		{008E89A1-6D78-44FF-A430-5560B441606A}.Ad-Hoc|ARM.Build.0 = Release|Any CPU
		{008E89A1-6D78-44FF-A430-5560B441606A}.Ad-Hoc|iPhone.ActiveCfg = Release|Any CPU
		{008E89A1-6D78-44FF-A430-5560B441606A}.Ad-Hoc|iPhone.Build.0 = Release|Any CPU
		{008E89A1-6D78-44FF-A430-5560B441606A}.Ad-Hoc|iPhoneSimulator.ActiveCfg = Release|Any CPU
		{008E89A1-6D78-44FF-A430-5560B441606A}.Ad-Hoc|iPhoneSimulator.Build.0 = Release|Any CPU
		{008E89A1-6D78-44FF-A430-5560B441606A}.Ad-Hoc|x64.ActiveCfg = Release|Any CPU
		{008E89A1-6D78-44FF-A430-5560B441606A}.Ad-Hoc|x64.Build.0 = Release|Any CPU
		{008E89A1-6D78-44FF-A430-5560B441606A}.Ad-Hoc|x86.ActiveCfg = Release|Any CPU
		{008E89A1-6D78-44FF-A430-5560B441606A}.Ad-Hoc|x86.Build.0 = Release|Any CPU
		{008E89A1-6D78-44FF-A430-5560B441606A}.AppStore|Any CPU.ActiveCfg = Release|Any CPU
		{008E89A1-6D78-44FF-A430-5560B441606A}.AppStore|Any CPU.Build.0 = Release|Any CPU
		{008E89A1-6D78-44FF-A430-5560B441606A}.AppStore|ARM.ActiveCfg = Release|Any CPU
		{008E89A1-6D78-44FF-A430-5560B441606A}.AppStore|ARM.Build.0 = Release|Any CPU
		{008E89A1-6D78-44FF-A430-5560B441606A}.AppStore|iPhone.ActiveCfg = Release|Any CPU
		{008E89A1-6D78-44FF-A430-5560B441606A}.AppStore|iPhone.Build.0 = Release|Any CPU
		{008E89A1-6D78-44FF-A430-5560B441606A}.AppStore|iPhoneSimulator.ActiveCfg = Release|Any CPU
		{008E89A1-6D78-44FF-A430-5560B441606A}.AppStore|iPhoneSimulator.Build.0 = Release|Any CPU
		{008E89A1-6D78-44FF-A430-5560B441606A}.AppStore|x64.ActiveCfg = Release|Any CPU
		{008E89A1-6D78-44FF-A430-5560B441606A}.AppStore|x64.Build.0 = Release|Any CPU
		{008E89A1-6D78-44FF-A430-5560B441606A}.AppStore|x86.ActiveCfg = Release|Any CPU
		{008E89A1-6D78-44FF-A430-5560B441606A}.AppStore|x86.Build.0 = Release|Any CPU
		{008E89A1-6D78-44FF-A430-5560B441606A}.Debug|Any CPU.ActiveCfg = Debug|Any CPU
		{008E89A1-6D78-44FF-A430-5560B441606A}.Debug|Any CPU.Build.0 = Debug|Any CPU
		{008E89A1-6D78-44FF-A430-5560B441606A}.Debug|ARM.ActiveCfg = Debug|Any CPU
		{008E89A1-6D78-44FF-A430-5560B441606A}.Debug|ARM.Build.0 = Debug|Any CPU
		{008E89A1-6D78-44FF-A430-5560B441606A}.Debug|iPhone.ActiveCfg = Debug|Any CPU
		{008E89A1-6D78-44FF-A430-5560B441606A}.Debug|iPhone.Build.0 = Debug|Any CPU
		{008E89A1-6D78-44FF-A430-5560B441606A}.Debug|iPhoneSimulator.ActiveCfg = Debug|Any CPU
		{008E89A1-6D78-44FF-A430-5560B441606A}.Debug|iPhoneSimulator.Build.0 = Debug|Any CPU
		{008E89A1-6D78-44FF-A430-5560B441606A}.Debug|x64.ActiveCfg = Debug|Any CPU
		{008E89A1-6D78-44FF-A430-5560B441606A}.Debug|x64.Build.0 = Debug|Any CPU
		{008E89A1-6D78-44FF-A430-5560B441606A}.Debug|x86.ActiveCfg = Debug|Any CPU
		{008E89A1-6D78-44FF-A430-5560B441606A}.Debug|x86.Build.0 = Debug|Any CPU
		{008E89A1-6D78-44FF-A430-5560B441606A}.Release|Any CPU.ActiveCfg = Release|Any CPU
		{008E89A1-6D78-44FF-A430-5560B441606A}.Release|Any CPU.Build.0 = Release|Any CPU
		{008E89A1-6D78-44FF-A430-5560B441606A}.Release|ARM.ActiveCfg = Release|Any CPU
		{008E89A1-6D78-44FF-A430-5560B441606A}.Release|ARM.Build.0 = Release|Any CPU
		{008E89A1-6D78-44FF-A430-5560B441606A}.Release|iPhone.ActiveCfg = Release|Any CPU
		{008E89A1-6D78-44FF-A430-5560B441606A}.Release|iPhone.Build.0 = Release|Any CPU
		{008E89A1-6D78-44FF-A430-5560B441606A}.Release|iPhoneSimulator.ActiveCfg = Release|Any CPU
		{008E89A1-6D78-44FF-A430-5560B441606A}.Release|iPhoneSimulator.Build.0 = Release|Any CPU
		{008E89A1-6D78-44FF-A430-5560B441606A}.Release|x64.ActiveCfg = Release|Any CPU
		{008E89A1-6D78-44FF-A430-5560B441606A}.Release|x64.Build.0 = Release|Any CPU
		{008E89A1-6D78-44FF-A430-5560B441606A}.Release|x86.ActiveCfg = Release|Any CPU
		{008E89A1-6D78-44FF-A430-5560B441606A}.Release|x86.Build.0 = Release|Any CPU
		{AF2423DE-A764-49B1-B2C1-E277B0DEBC66}.Ad-Hoc|Any CPU.ActiveCfg = Release|x86
		{AF2423DE-A764-49B1-B2C1-E277B0DEBC66}.Ad-Hoc|Any CPU.Build.0 = Release|x86
		{AF2423DE-A764-49B1-B2C1-E277B0DEBC66}.Ad-Hoc|Any CPU.Deploy.0 = Release|x86
		{AF2423DE-A764-49B1-B2C1-E277B0DEBC66}.Ad-Hoc|ARM.ActiveCfg = Release|ARM
		{AF2423DE-A764-49B1-B2C1-E277B0DEBC66}.Ad-Hoc|ARM.Build.0 = Release|ARM
		{AF2423DE-A764-49B1-B2C1-E277B0DEBC66}.Ad-Hoc|ARM.Deploy.0 = Release|ARM
		{AF2423DE-A764-49B1-B2C1-E277B0DEBC66}.Ad-Hoc|iPhone.ActiveCfg = Release|x86
		{AF2423DE-A764-49B1-B2C1-E277B0DEBC66}.Ad-Hoc|iPhone.Build.0 = Release|x86
		{AF2423DE-A764-49B1-B2C1-E277B0DEBC66}.Ad-Hoc|iPhone.Deploy.0 = Release|x86
		{AF2423DE-A764-49B1-B2C1-E277B0DEBC66}.Ad-Hoc|iPhoneSimulator.ActiveCfg = Release|x86
		{AF2423DE-A764-49B1-B2C1-E277B0DEBC66}.Ad-Hoc|iPhoneSimulator.Build.0 = Release|x86
		{AF2423DE-A764-49B1-B2C1-E277B0DEBC66}.Ad-Hoc|iPhoneSimulator.Deploy.0 = Release|x86
		{AF2423DE-A764-49B1-B2C1-E277B0DEBC66}.Ad-Hoc|x64.ActiveCfg = Release|x64
		{AF2423DE-A764-49B1-B2C1-E277B0DEBC66}.Ad-Hoc|x64.Build.0 = Release|x64
		{AF2423DE-A764-49B1-B2C1-E277B0DEBC66}.Ad-Hoc|x64.Deploy.0 = Release|x64
		{AF2423DE-A764-49B1-B2C1-E277B0DEBC66}.Ad-Hoc|x86.ActiveCfg = Release|x86
		{AF2423DE-A764-49B1-B2C1-E277B0DEBC66}.Ad-Hoc|x86.Build.0 = Release|x86
		{AF2423DE-A764-49B1-B2C1-E277B0DEBC66}.Ad-Hoc|x86.Deploy.0 = Release|x86
		{AF2423DE-A764-49B1-B2C1-E277B0DEBC66}.AppStore|Any CPU.ActiveCfg = Release|x86
		{AF2423DE-A764-49B1-B2C1-E277B0DEBC66}.AppStore|Any CPU.Build.0 = Release|x86
		{AF2423DE-A764-49B1-B2C1-E277B0DEBC66}.AppStore|Any CPU.Deploy.0 = Release|x86
		{AF2423DE-A764-49B1-B2C1-E277B0DEBC66}.AppStore|ARM.ActiveCfg = Release|ARM
		{AF2423DE-A764-49B1-B2C1-E277B0DEBC66}.AppStore|ARM.Build.0 = Release|ARM
		{AF2423DE-A764-49B1-B2C1-E277B0DEBC66}.AppStore|ARM.Deploy.0 = Release|ARM
		{AF2423DE-A764-49B1-B2C1-E277B0DEBC66}.AppStore|iPhone.ActiveCfg = Release|x86
		{AF2423DE-A764-49B1-B2C1-E277B0DEBC66}.AppStore|iPhone.Build.0 = Release|x86
		{AF2423DE-A764-49B1-B2C1-E277B0DEBC66}.AppStore|iPhone.Deploy.0 = Release|x86
		{AF2423DE-A764-49B1-B2C1-E277B0DEBC66}.AppStore|iPhoneSimulator.ActiveCfg = Release|x86
		{AF2423DE-A764-49B1-B2C1-E277B0DEBC66}.AppStore|iPhoneSimulator.Build.0 = Release|x86
		{AF2423DE-A764-49B1-B2C1-E277B0DEBC66}.AppStore|iPhoneSimulator.Deploy.0 = Release|x86
		{AF2423DE-A764-49B1-B2C1-E277B0DEBC66}.AppStore|x64.ActiveCfg = Release|x64
		{AF2423DE-A764-49B1-B2C1-E277B0DEBC66}.AppStore|x64.Build.0 = Release|x64
		{AF2423DE-A764-49B1-B2C1-E277B0DEBC66}.AppStore|x64.Deploy.0 = Release|x64
		{AF2423DE-A764-49B1-B2C1-E277B0DEBC66}.AppStore|x86.ActiveCfg = Release|x86
		{AF2423DE-A764-49B1-B2C1-E277B0DEBC66}.AppStore|x86.Build.0 = Release|x86
		{AF2423DE-A764-49B1-B2C1-E277B0DEBC66}.AppStore|x86.Deploy.0 = Release|x86
		{AF2423DE-A764-49B1-B2C1-E277B0DEBC66}.Debug|Any CPU.ActiveCfg = Debug|x86
		{AF2423DE-A764-49B1-B2C1-E277B0DEBC66}.Debug|ARM.ActiveCfg = Debug|ARM
		{AF2423DE-A764-49B1-B2C1-E277B0DEBC66}.Debug|ARM.Build.0 = Debug|ARM
		{AF2423DE-A764-49B1-B2C1-E277B0DEBC66}.Debug|ARM.Deploy.0 = Debug|ARM
		{AF2423DE-A764-49B1-B2C1-E277B0DEBC66}.Debug|iPhone.ActiveCfg = Debug|x86
		{AF2423DE-A764-49B1-B2C1-E277B0DEBC66}.Debug|iPhoneSimulator.ActiveCfg = Debug|x86
		{AF2423DE-A764-49B1-B2C1-E277B0DEBC66}.Debug|x64.ActiveCfg = Debug|x64
		{AF2423DE-A764-49B1-B2C1-E277B0DEBC66}.Debug|x64.Build.0 = Debug|x64
		{AF2423DE-A764-49B1-B2C1-E277B0DEBC66}.Debug|x64.Deploy.0 = Debug|x64
		{AF2423DE-A764-49B1-B2C1-E277B0DEBC66}.Debug|x86.ActiveCfg = Debug|x86
		{AF2423DE-A764-49B1-B2C1-E277B0DEBC66}.Debug|x86.Build.0 = Debug|x86
		{AF2423DE-A764-49B1-B2C1-E277B0DEBC66}.Debug|x86.Deploy.0 = Debug|x86
		{AF2423DE-A764-49B1-B2C1-E277B0DEBC66}.Release|Any CPU.ActiveCfg = Release|x86
		{AF2423DE-A764-49B1-B2C1-E277B0DEBC66}.Release|ARM.ActiveCfg = Release|ARM
		{AF2423DE-A764-49B1-B2C1-E277B0DEBC66}.Release|ARM.Build.0 = Release|ARM
		{AF2423DE-A764-49B1-B2C1-E277B0DEBC66}.Release|ARM.Deploy.0 = Release|ARM
		{AF2423DE-A764-49B1-B2C1-E277B0DEBC66}.Release|iPhone.ActiveCfg = Release|x86
		{AF2423DE-A764-49B1-B2C1-E277B0DEBC66}.Release|iPhoneSimulator.ActiveCfg = Release|x86
		{AF2423DE-A764-49B1-B2C1-E277B0DEBC66}.Release|x64.ActiveCfg = Release|x64
		{AF2423DE-A764-49B1-B2C1-E277B0DEBC66}.Release|x64.Build.0 = Release|x64
		{AF2423DE-A764-49B1-B2C1-E277B0DEBC66}.Release|x64.Deploy.0 = Release|x64
		{AF2423DE-A764-49B1-B2C1-E277B0DEBC66}.Release|x86.ActiveCfg = Release|x86
		{AF2423DE-A764-49B1-B2C1-E277B0DEBC66}.Release|x86.Build.0 = Release|x86
		{AF2423DE-A764-49B1-B2C1-E277B0DEBC66}.Release|x86.Deploy.0 = Release|x86
		{8B2FDBCB-A5FD-43FD-BE54-613E2C1AFEF2}.Ad-Hoc|Any CPU.ActiveCfg = Ad-Hoc|iPhoneSimulator
		{8B2FDBCB-A5FD-43FD-BE54-613E2C1AFEF2}.Ad-Hoc|ARM.ActiveCfg = Ad-Hoc|iPhone
		{8B2FDBCB-A5FD-43FD-BE54-613E2C1AFEF2}.Ad-Hoc|iPhone.ActiveCfg = Ad-Hoc|iPhone
		{8B2FDBCB-A5FD-43FD-BE54-613E2C1AFEF2}.Ad-Hoc|iPhone.Build.0 = Ad-Hoc|iPhone
		{8B2FDBCB-A5FD-43FD-BE54-613E2C1AFEF2}.Ad-Hoc|iPhoneSimulator.ActiveCfg = Ad-Hoc|iPhoneSimulator
		{8B2FDBCB-A5FD-43FD-BE54-613E2C1AFEF2}.Ad-Hoc|iPhoneSimulator.Build.0 = Ad-Hoc|iPhoneSimulator
		{8B2FDBCB-A5FD-43FD-BE54-613E2C1AFEF2}.Ad-Hoc|x64.ActiveCfg = Ad-Hoc|iPhone
		{8B2FDBCB-A5FD-43FD-BE54-613E2C1AFEF2}.Ad-Hoc|x86.ActiveCfg = Ad-Hoc|iPhone
		{8B2FDBCB-A5FD-43FD-BE54-613E2C1AFEF2}.AppStore|Any CPU.ActiveCfg = AppStore|iPhoneSimulator
		{8B2FDBCB-A5FD-43FD-BE54-613E2C1AFEF2}.AppStore|ARM.ActiveCfg = AppStore|iPhone
		{8B2FDBCB-A5FD-43FD-BE54-613E2C1AFEF2}.AppStore|iPhone.ActiveCfg = AppStore|iPhone
		{8B2FDBCB-A5FD-43FD-BE54-613E2C1AFEF2}.AppStore|iPhone.Build.0 = AppStore|iPhone
		{8B2FDBCB-A5FD-43FD-BE54-613E2C1AFEF2}.AppStore|iPhoneSimulator.ActiveCfg = AppStore|iPhoneSimulator
		{8B2FDBCB-A5FD-43FD-BE54-613E2C1AFEF2}.AppStore|iPhoneSimulator.Build.0 = AppStore|iPhoneSimulator
		{8B2FDBCB-A5FD-43FD-BE54-613E2C1AFEF2}.AppStore|x64.ActiveCfg = AppStore|iPhone
		{8B2FDBCB-A5FD-43FD-BE54-613E2C1AFEF2}.AppStore|x86.ActiveCfg = AppStore|iPhone
		{8B2FDBCB-A5FD-43FD-BE54-613E2C1AFEF2}.Debug|Any CPU.ActiveCfg = Debug|iPhoneSimulator
		{8B2FDBCB-A5FD-43FD-BE54-613E2C1AFEF2}.Debug|ARM.ActiveCfg = Debug|iPhone
		{8B2FDBCB-A5FD-43FD-BE54-613E2C1AFEF2}.Debug|iPhone.ActiveCfg = Debug|iPhone
		{8B2FDBCB-A5FD-43FD-BE54-613E2C1AFEF2}.Debug|iPhone.Build.0 = Debug|iPhone
		{8B2FDBCB-A5FD-43FD-BE54-613E2C1AFEF2}.Debug|iPhoneSimulator.ActiveCfg = Debug|iPhoneSimulator
		{8B2FDBCB-A5FD-43FD-BE54-613E2C1AFEF2}.Debug|iPhoneSimulator.Build.0 = Debug|iPhoneSimulator
		{8B2FDBCB-A5FD-43FD-BE54-613E2C1AFEF2}.Debug|x64.ActiveCfg = Debug|iPhone
		{8B2FDBCB-A5FD-43FD-BE54-613E2C1AFEF2}.Debug|x86.ActiveCfg = Debug|iPhone
		{8B2FDBCB-A5FD-43FD-BE54-613E2C1AFEF2}.Release|Any CPU.ActiveCfg = Release|iPhoneSimulator
		{8B2FDBCB-A5FD-43FD-BE54-613E2C1AFEF2}.Release|ARM.ActiveCfg = Release|iPhone
		{8B2FDBCB-A5FD-43FD-BE54-613E2C1AFEF2}.Release|iPhone.ActiveCfg = Release|iPhone
		{8B2FDBCB-A5FD-43FD-BE54-613E2C1AFEF2}.Release|iPhone.Build.0 = Release|iPhone
		{8B2FDBCB-A5FD-43FD-BE54-613E2C1AFEF2}.Release|iPhoneSimulator.ActiveCfg = Release|iPhoneSimulator
		{8B2FDBCB-A5FD-43FD-BE54-613E2C1AFEF2}.Release|iPhoneSimulator.Build.0 = Release|iPhoneSimulator
		{8B2FDBCB-A5FD-43FD-BE54-613E2C1AFEF2}.Release|x64.ActiveCfg = Release|iPhone
		{8B2FDBCB-A5FD-43FD-BE54-613E2C1AFEF2}.Release|x86.ActiveCfg = Release|iPhone
		{ECABEE61-BBA4-4847-8BE4-A9DC8CF9B141}.Ad-Hoc|Any CPU.ActiveCfg = Release|Any CPU
		{ECABEE61-BBA4-4847-8BE4-A9DC8CF9B141}.Ad-Hoc|Any CPU.Build.0 = Release|Any CPU
		{ECABEE61-BBA4-4847-8BE4-A9DC8CF9B141}.Ad-Hoc|ARM.ActiveCfg = Release|Any CPU
		{ECABEE61-BBA4-4847-8BE4-A9DC8CF9B141}.Ad-Hoc|ARM.Build.0 = Release|Any CPU
		{ECABEE61-BBA4-4847-8BE4-A9DC8CF9B141}.Ad-Hoc|iPhone.ActiveCfg = Release|Any CPU
		{ECABEE61-BBA4-4847-8BE4-A9DC8CF9B141}.Ad-Hoc|iPhone.Build.0 = Release|Any CPU
		{ECABEE61-BBA4-4847-8BE4-A9DC8CF9B141}.Ad-Hoc|iPhoneSimulator.ActiveCfg = Release|Any CPU
		{ECABEE61-BBA4-4847-8BE4-A9DC8CF9B141}.Ad-Hoc|iPhoneSimulator.Build.0 = Release|Any CPU
		{ECABEE61-BBA4-4847-8BE4-A9DC8CF9B141}.Ad-Hoc|x64.ActiveCfg = Release|Any CPU
		{ECABEE61-BBA4-4847-8BE4-A9DC8CF9B141}.Ad-Hoc|x64.Build.0 = Release|Any CPU
		{ECABEE61-BBA4-4847-8BE4-A9DC8CF9B141}.Ad-Hoc|x86.ActiveCfg = Release|Any CPU
		{ECABEE61-BBA4-4847-8BE4-A9DC8CF9B141}.Ad-Hoc|x86.Build.0 = Release|Any CPU
		{ECABEE61-BBA4-4847-8BE4-A9DC8CF9B141}.AppStore|Any CPU.ActiveCfg = Release|Any CPU
		{ECABEE61-BBA4-4847-8BE4-A9DC8CF9B141}.AppStore|Any CPU.Build.0 = Release|Any CPU
		{ECABEE61-BBA4-4847-8BE4-A9DC8CF9B141}.AppStore|ARM.ActiveCfg = Release|Any CPU
		{ECABEE61-BBA4-4847-8BE4-A9DC8CF9B141}.AppStore|ARM.Build.0 = Release|Any CPU
		{ECABEE61-BBA4-4847-8BE4-A9DC8CF9B141}.AppStore|iPhone.ActiveCfg = Release|Any CPU
		{ECABEE61-BBA4-4847-8BE4-A9DC8CF9B141}.AppStore|iPhone.Build.0 = Release|Any CPU
		{ECABEE61-BBA4-4847-8BE4-A9DC8CF9B141}.AppStore|iPhoneSimulator.ActiveCfg = Release|Any CPU
		{ECABEE61-BBA4-4847-8BE4-A9DC8CF9B141}.AppStore|iPhoneSimulator.Build.0 = Release|Any CPU
		{ECABEE61-BBA4-4847-8BE4-A9DC8CF9B141}.AppStore|x64.ActiveCfg = Release|Any CPU
		{ECABEE61-BBA4-4847-8BE4-A9DC8CF9B141}.AppStore|x64.Build.0 = Release|Any CPU
		{ECABEE61-BBA4-4847-8BE4-A9DC8CF9B141}.AppStore|x86.ActiveCfg = Release|Any CPU
		{ECABEE61-BBA4-4847-8BE4-A9DC8CF9B141}.AppStore|x86.Build.0 = Release|Any CPU
		{ECABEE61-BBA4-4847-8BE4-A9DC8CF9B141}.Debug|Any CPU.ActiveCfg = Debug|Any CPU
		{ECABEE61-BBA4-4847-8BE4-A9DC8CF9B141}.Debug|Any CPU.Build.0 = Debug|Any CPU
		{ECABEE61-BBA4-4847-8BE4-A9DC8CF9B141}.Debug|ARM.ActiveCfg = Debug|Any CPU
		{ECABEE61-BBA4-4847-8BE4-A9DC8CF9B141}.Debug|ARM.Build.0 = Debug|Any CPU
		{ECABEE61-BBA4-4847-8BE4-A9DC8CF9B141}.Debug|iPhone.ActiveCfg = Debug|Any CPU
		{ECABEE61-BBA4-4847-8BE4-A9DC8CF9B141}.Debug|iPhone.Build.0 = Debug|Any CPU
		{ECABEE61-BBA4-4847-8BE4-A9DC8CF9B141}.Debug|iPhoneSimulator.ActiveCfg = Debug|Any CPU
		{ECABEE61-BBA4-4847-8BE4-A9DC8CF9B141}.Debug|iPhoneSimulator.Build.0 = Debug|Any CPU
		{ECABEE61-BBA4-4847-8BE4-A9DC8CF9B141}.Debug|x64.ActiveCfg = Debug|Any CPU
		{ECABEE61-BBA4-4847-8BE4-A9DC8CF9B141}.Debug|x64.Build.0 = Debug|Any CPU
		{ECABEE61-BBA4-4847-8BE4-A9DC8CF9B141}.Debug|x86.ActiveCfg = Debug|Any CPU
		{ECABEE61-BBA4-4847-8BE4-A9DC8CF9B141}.Debug|x86.Build.0 = Debug|Any CPU
		{ECABEE61-BBA4-4847-8BE4-A9DC8CF9B141}.Release|Any CPU.ActiveCfg = Release|Any CPU
		{ECABEE61-BBA4-4847-8BE4-A9DC8CF9B141}.Release|Any CPU.Build.0 = Release|Any CPU
		{ECABEE61-BBA4-4847-8BE4-A9DC8CF9B141}.Release|ARM.ActiveCfg = Release|Any CPU
		{ECABEE61-BBA4-4847-8BE4-A9DC8CF9B141}.Release|ARM.Build.0 = Release|Any CPU
		{ECABEE61-BBA4-4847-8BE4-A9DC8CF9B141}.Release|iPhone.ActiveCfg = Release|Any CPU
		{ECABEE61-BBA4-4847-8BE4-A9DC8CF9B141}.Release|iPhone.Build.0 = Release|Any CPU
		{ECABEE61-BBA4-4847-8BE4-A9DC8CF9B141}.Release|iPhoneSimulator.ActiveCfg = Release|Any CPU
		{ECABEE61-BBA4-4847-8BE4-A9DC8CF9B141}.Release|iPhoneSimulator.Build.0 = Release|Any CPU
		{ECABEE61-BBA4-4847-8BE4-A9DC8CF9B141}.Release|x64.ActiveCfg = Release|Any CPU
		{ECABEE61-BBA4-4847-8BE4-A9DC8CF9B141}.Release|x64.Build.0 = Release|Any CPU
		{ECABEE61-BBA4-4847-8BE4-A9DC8CF9B141}.Release|x86.ActiveCfg = Release|Any CPU
		{ECABEE61-BBA4-4847-8BE4-A9DC8CF9B141}.Release|x86.Build.0 = Release|Any CPU
		{6B400FF8-376D-4EF4-B9F7-64C4817402F7}.Ad-Hoc|Any CPU.ActiveCfg = Release|Any CPU
		{6B400FF8-376D-4EF4-B9F7-64C4817402F7}.Ad-Hoc|Any CPU.Build.0 = Release|Any CPU
		{6B400FF8-376D-4EF4-B9F7-64C4817402F7}.Ad-Hoc|ARM.ActiveCfg = Release|Any CPU
		{6B400FF8-376D-4EF4-B9F7-64C4817402F7}.Ad-Hoc|ARM.Build.0 = Release|Any CPU
		{6B400FF8-376D-4EF4-B9F7-64C4817402F7}.Ad-Hoc|iPhone.ActiveCfg = Release|Any CPU
		{6B400FF8-376D-4EF4-B9F7-64C4817402F7}.Ad-Hoc|iPhone.Build.0 = Release|Any CPU
		{6B400FF8-376D-4EF4-B9F7-64C4817402F7}.Ad-Hoc|iPhoneSimulator.ActiveCfg = Release|Any CPU
		{6B400FF8-376D-4EF4-B9F7-64C4817402F7}.Ad-Hoc|iPhoneSimulator.Build.0 = Release|Any CPU
		{6B400FF8-376D-4EF4-B9F7-64C4817402F7}.Ad-Hoc|x64.ActiveCfg = Release|Any CPU
		{6B400FF8-376D-4EF4-B9F7-64C4817402F7}.Ad-Hoc|x64.Build.0 = Release|Any CPU
		{6B400FF8-376D-4EF4-B9F7-64C4817402F7}.Ad-Hoc|x86.ActiveCfg = Release|Any CPU
		{6B400FF8-376D-4EF4-B9F7-64C4817402F7}.Ad-Hoc|x86.Build.0 = Release|Any CPU
		{6B400FF8-376D-4EF4-B9F7-64C4817402F7}.AppStore|Any CPU.ActiveCfg = Release|Any CPU
		{6B400FF8-376D-4EF4-B9F7-64C4817402F7}.AppStore|Any CPU.Build.0 = Release|Any CPU
		{6B400FF8-376D-4EF4-B9F7-64C4817402F7}.AppStore|ARM.ActiveCfg = Release|Any CPU
		{6B400FF8-376D-4EF4-B9F7-64C4817402F7}.AppStore|ARM.Build.0 = Release|Any CPU
		{6B400FF8-376D-4EF4-B9F7-64C4817402F7}.AppStore|iPhone.ActiveCfg = Release|Any CPU
		{6B400FF8-376D-4EF4-B9F7-64C4817402F7}.AppStore|iPhone.Build.0 = Release|Any CPU
		{6B400FF8-376D-4EF4-B9F7-64C4817402F7}.AppStore|iPhoneSimulator.ActiveCfg = Release|Any CPU
		{6B400FF8-376D-4EF4-B9F7-64C4817402F7}.AppStore|iPhoneSimulator.Build.0 = Release|Any CPU
		{6B400FF8-376D-4EF4-B9F7-64C4817402F7}.AppStore|x64.ActiveCfg = Release|Any CPU
		{6B400FF8-376D-4EF4-B9F7-64C4817402F7}.AppStore|x64.Build.0 = Release|Any CPU
		{6B400FF8-376D-4EF4-B9F7-64C4817402F7}.AppStore|x86.ActiveCfg = Release|Any CPU
		{6B400FF8-376D-4EF4-B9F7-64C4817402F7}.AppStore|x86.Build.0 = Release|Any CPU
		{6B400FF8-376D-4EF4-B9F7-64C4817402F7}.Debug|Any CPU.ActiveCfg = Debug|Any CPU
		{6B400FF8-376D-4EF4-B9F7-64C4817402F7}.Debug|Any CPU.Build.0 = Debug|Any CPU
		{6B400FF8-376D-4EF4-B9F7-64C4817402F7}.Debug|ARM.ActiveCfg = Debug|Any CPU
		{6B400FF8-376D-4EF4-B9F7-64C4817402F7}.Debug|ARM.Build.0 = Debug|Any CPU
		{6B400FF8-376D-4EF4-B9F7-64C4817402F7}.Debug|iPhone.ActiveCfg = Debug|Any CPU
		{6B400FF8-376D-4EF4-B9F7-64C4817402F7}.Debug|iPhone.Build.0 = Debug|Any CPU
		{6B400FF8-376D-4EF4-B9F7-64C4817402F7}.Debug|iPhoneSimulator.ActiveCfg = Debug|Any CPU
		{6B400FF8-376D-4EF4-B9F7-64C4817402F7}.Debug|iPhoneSimulator.Build.0 = Debug|Any CPU
		{6B400FF8-376D-4EF4-B9F7-64C4817402F7}.Debug|x64.ActiveCfg = Debug|Any CPU
		{6B400FF8-376D-4EF4-B9F7-64C4817402F7}.Debug|x64.Build.0 = Debug|Any CPU
		{6B400FF8-376D-4EF4-B9F7-64C4817402F7}.Debug|x86.ActiveCfg = Debug|Any CPU
		{6B400FF8-376D-4EF4-B9F7-64C4817402F7}.Debug|x86.Build.0 = Debug|Any CPU
		{6B400FF8-376D-4EF4-B9F7-64C4817402F7}.Release|Any CPU.ActiveCfg = Release|Any CPU
		{6B400FF8-376D-4EF4-B9F7-64C4817402F7}.Release|Any CPU.Build.0 = Release|Any CPU
		{6B400FF8-376D-4EF4-B9F7-64C4817402F7}.Release|ARM.ActiveCfg = Release|Any CPU
		{6B400FF8-376D-4EF4-B9F7-64C4817402F7}.Release|ARM.Build.0 = Release|Any CPU
		{6B400FF8-376D-4EF4-B9F7-64C4817402F7}.Release|iPhone.ActiveCfg = Release|Any CPU
		{6B400FF8-376D-4EF4-B9F7-64C4817402F7}.Release|iPhone.Build.0 = Release|Any CPU
		{6B400FF8-376D-4EF4-B9F7-64C4817402F7}.Release|iPhoneSimulator.ActiveCfg = Release|Any CPU
		{6B400FF8-376D-4EF4-B9F7-64C4817402F7}.Release|iPhoneSimulator.Build.0 = Release|Any CPU
		{6B400FF8-376D-4EF4-B9F7-64C4817402F7}.Release|x64.ActiveCfg = Release|Any CPU
		{6B400FF8-376D-4EF4-B9F7-64C4817402F7}.Release|x64.Build.0 = Release|Any CPU
		{6B400FF8-376D-4EF4-B9F7-64C4817402F7}.Release|x86.ActiveCfg = Release|Any CPU
		{6B400FF8-376D-4EF4-B9F7-64C4817402F7}.Release|x86.Build.0 = Release|Any CPU
		{856CB762-19F9-41DD-9B67-8CAB5E56FEB3}.Ad-Hoc|Any CPU.ActiveCfg = Release|Any CPU
		{856CB762-19F9-41DD-9B67-8CAB5E56FEB3}.Ad-Hoc|Any CPU.Build.0 = Release|Any CPU
		{856CB762-19F9-41DD-9B67-8CAB5E56FEB3}.Ad-Hoc|ARM.ActiveCfg = Release|Any CPU
		{856CB762-19F9-41DD-9B67-8CAB5E56FEB3}.Ad-Hoc|ARM.Build.0 = Release|Any CPU
		{856CB762-19F9-41DD-9B67-8CAB5E56FEB3}.Ad-Hoc|iPhone.ActiveCfg = Release|Any CPU
		{856CB762-19F9-41DD-9B67-8CAB5E56FEB3}.Ad-Hoc|iPhone.Build.0 = Release|Any CPU
		{856CB762-19F9-41DD-9B67-8CAB5E56FEB3}.Ad-Hoc|iPhoneSimulator.ActiveCfg = Release|Any CPU
		{856CB762-19F9-41DD-9B67-8CAB5E56FEB3}.Ad-Hoc|iPhoneSimulator.Build.0 = Release|Any CPU
		{856CB762-19F9-41DD-9B67-8CAB5E56FEB3}.Ad-Hoc|x64.ActiveCfg = Release|Any CPU
		{856CB762-19F9-41DD-9B67-8CAB5E56FEB3}.Ad-Hoc|x64.Build.0 = Release|Any CPU
		{856CB762-19F9-41DD-9B67-8CAB5E56FEB3}.Ad-Hoc|x86.ActiveCfg = Release|Any CPU
		{856CB762-19F9-41DD-9B67-8CAB5E56FEB3}.Ad-Hoc|x86.Build.0 = Release|Any CPU
		{856CB762-19F9-41DD-9B67-8CAB5E56FEB3}.AppStore|Any CPU.ActiveCfg = Release|Any CPU
		{856CB762-19F9-41DD-9B67-8CAB5E56FEB3}.AppStore|Any CPU.Build.0 = Release|Any CPU
		{856CB762-19F9-41DD-9B67-8CAB5E56FEB3}.AppStore|ARM.ActiveCfg = Release|Any CPU
		{856CB762-19F9-41DD-9B67-8CAB5E56FEB3}.AppStore|ARM.Build.0 = Release|Any CPU
		{856CB762-19F9-41DD-9B67-8CAB5E56FEB3}.AppStore|iPhone.ActiveCfg = Release|Any CPU
		{856CB762-19F9-41DD-9B67-8CAB5E56FEB3}.AppStore|iPhone.Build.0 = Release|Any CPU
		{856CB762-19F9-41DD-9B67-8CAB5E56FEB3}.AppStore|iPhoneSimulator.ActiveCfg = Release|Any CPU
		{856CB762-19F9-41DD-9B67-8CAB5E56FEB3}.AppStore|iPhoneSimulator.Build.0 = Release|Any CPU
		{856CB762-19F9-41DD-9B67-8CAB5E56FEB3}.AppStore|x64.ActiveCfg = Release|Any CPU
		{856CB762-19F9-41DD-9B67-8CAB5E56FEB3}.AppStore|x64.Build.0 = Release|Any CPU
		{856CB762-19F9-41DD-9B67-8CAB5E56FEB3}.AppStore|x86.ActiveCfg = Release|Any CPU
		{856CB762-19F9-41DD-9B67-8CAB5E56FEB3}.AppStore|x86.Build.0 = Release|Any CPU
		{856CB762-19F9-41DD-9B67-8CAB5E56FEB3}.Debug|Any CPU.ActiveCfg = Debug|Any CPU
		{856CB762-19F9-41DD-9B67-8CAB5E56FEB3}.Debug|Any CPU.Build.0 = Debug|Any CPU
		{856CB762-19F9-41DD-9B67-8CAB5E56FEB3}.Debug|ARM.ActiveCfg = Debug|Any CPU
		{856CB762-19F9-41DD-9B67-8CAB5E56FEB3}.Debug|ARM.Build.0 = Debug|Any CPU
		{856CB762-19F9-41DD-9B67-8CAB5E56FEB3}.Debug|iPhone.ActiveCfg = Debug|Any CPU
		{856CB762-19F9-41DD-9B67-8CAB5E56FEB3}.Debug|iPhone.Build.0 = Debug|Any CPU
		{856CB762-19F9-41DD-9B67-8CAB5E56FEB3}.Debug|iPhoneSimulator.ActiveCfg = Debug|Any CPU
		{856CB762-19F9-41DD-9B67-8CAB5E56FEB3}.Debug|iPhoneSimulator.Build.0 = Debug|Any CPU
		{856CB762-19F9-41DD-9B67-8CAB5E56FEB3}.Debug|x64.ActiveCfg = Debug|Any CPU
		{856CB762-19F9-41DD-9B67-8CAB5E56FEB3}.Debug|x64.Build.0 = Debug|Any CPU
		{856CB762-19F9-41DD-9B67-8CAB5E56FEB3}.Debug|x86.ActiveCfg = Debug|Any CPU
		{856CB762-19F9-41DD-9B67-8CAB5E56FEB3}.Debug|x86.Build.0 = Debug|Any CPU
		{856CB762-19F9-41DD-9B67-8CAB5E56FEB3}.Release|Any CPU.ActiveCfg = Release|Any CPU
		{856CB762-19F9-41DD-9B67-8CAB5E56FEB3}.Release|Any CPU.Build.0 = Release|Any CPU
		{856CB762-19F9-41DD-9B67-8CAB5E56FEB3}.Release|ARM.ActiveCfg = Release|Any CPU
		{856CB762-19F9-41DD-9B67-8CAB5E56FEB3}.Release|ARM.Build.0 = Release|Any CPU
		{856CB762-19F9-41DD-9B67-8CAB5E56FEB3}.Release|iPhone.ActiveCfg = Release|Any CPU
		{856CB762-19F9-41DD-9B67-8CAB5E56FEB3}.Release|iPhone.Build.0 = Release|Any CPU
		{856CB762-19F9-41DD-9B67-8CAB5E56FEB3}.Release|iPhoneSimulator.ActiveCfg = Release|Any CPU
		{856CB762-19F9-41DD-9B67-8CAB5E56FEB3}.Release|iPhoneSimulator.Build.0 = Release|Any CPU
		{856CB762-19F9-41DD-9B67-8CAB5E56FEB3}.Release|x64.ActiveCfg = Release|Any CPU
		{856CB762-19F9-41DD-9B67-8CAB5E56FEB3}.Release|x64.Build.0 = Release|Any CPU
		{856CB762-19F9-41DD-9B67-8CAB5E56FEB3}.Release|x86.ActiveCfg = Release|Any CPU
		{856CB762-19F9-41DD-9B67-8CAB5E56FEB3}.Release|x86.Build.0 = Release|Any CPU
	EndGlobalSection
	GlobalSection(SolutionProperties) = preSolution
		HideSolutionNode = FALSE
	EndGlobalSection
EndGlobal
